// !$*UTF8*$!
{
	archiveVersion = 1;
	classes = {
	};
	objectVersion = 46;
	objects = {

/* Begin PBXBuildFile section */
		A0CA84D61C2034C600FBF379 /* main.m in Sources */ = {isa = PBXBuildFile; fileRef = A0CA84D51C2034C600FBF379 /* main.m */; };
		A0CA84D91C2034C600FBF379 /* AppDelegate.m in Sources */ = {isa = PBXBuildFile; fileRef = A0CA84D81C2034C600FBF379 /* AppDelegate.m */; };
		A0CA84E11C2034C600FBF379 /* Images.xcassets in Resources */ = {isa = PBXBuildFile; fileRef = A0CA84E01C2034C600FBF379 /* Images.xcassets */; };
		A0CA84E41C2034C600FBF379 /* LaunchScreen.xib in Resources */ = {isa = PBXBuildFile; fileRef = A0CA84E21C2034C600FBF379 /* LaunchScreen.xib */; };
		A0CA84F01C2034C600FBF379 /* YangChatTests.m in Sources */ = {isa = PBXBuildFile; fileRef = A0CA84EF1C2034C600FBF379 /* YangChatTests.m */; };
		A0CA85061C2041EB00FBF379 /* LoginVC.m in Sources */ = {isa = PBXBuildFile; fileRef = A0CA85041C2041EB00FBF379 /* LoginVC.m */; };
		A0CA85071C2041EB00FBF379 /* LoginVC.xib in Resources */ = {isa = PBXBuildFile; fileRef = A0CA85051C2041EB00FBF379 /* LoginVC.xib */; };
		A0CA850B1C20420000FBF379 /* MainVC.m in Sources */ = {isa = PBXBuildFile; fileRef = A0CA85091C20420000FBF379 /* MainVC.m */; };
		A0CA850C1C20420000FBF379 /* MainVC.xib in Resources */ = {isa = PBXBuildFile; fileRef = A0CA850A1C20420000FBF379 /* MainVC.xib */; };
		AB24EFF3491FF9CC66BC4A46 /* Pods_YangChat.framework in Frameworks */ = {isa = PBXBuildFile; fileRef = E46098D1D030FAA2A1843A9E /* Pods_YangChat.framework */; };
/* End PBXBuildFile section */

/* Begin PBXContainerItemProxy section */
		A0CA84EA1C2034C600FBF379 /* PBXContainerItemProxy */ = {
			isa = PBXContainerItemProxy;
			containerPortal = A0CA84C81C2034C600FBF379 /* Project object */;
			proxyType = 1;
			remoteGlobalIDString = A0CA84CF1C2034C600FBF379;
			remoteInfo = YangChat;
		};
/* End PBXContainerItemProxy section */

/* Begin PBXFileReference section */
		A0CA84D01C2034C600FBF379 /* YangChat.app */ = {isa = PBXFileReference; explicitFileType = wrapper.application; includeInIndex = 0; path = YangChat.app; sourceTree = BUILT_PRODUCTS_DIR; };
		A0CA84D41C2034C600FBF379 /* Info.plist */ = {isa = PBXFileReference; lastKnownFileType = text.plist.xml; path = Info.plist; sourceTree = "<group>"; };
		A0CA84D51C2034C600FBF379 /* main.m */ = {isa = PBXFileReference; lastKnownFileType = sourcecode.c.objc; path = main.m; sourceTree = "<group>"; };
		A0CA84D71C2034C600FBF379 /* AppDelegate.h */ = {isa = PBXFileReference; lastKnownFileType = sourcecode.c.h; path = AppDelegate.h; sourceTree = "<group>"; };
		A0CA84D81C2034C600FBF379 /* AppDelegate.m */ = {isa = PBXFileReference; lastKnownFileType = sourcecode.c.objc; path = AppDelegate.m; sourceTree = "<group>"; };
		A0CA84E01C2034C600FBF379 /* Images.xcassets */ = {isa = PBXFileReference; lastKnownFileType = folder.assetcatalog; path = Images.xcassets; sourceTree = "<group>"; };
		A0CA84E31C2034C600FBF379 /* Base */ = {isa = PBXFileReference; lastKnownFileType = file.xib; name = Base; path = Base.lproj/LaunchScreen.xib; sourceTree = "<group>"; };
		A0CA84E91C2034C600FBF379 /* YangChatTests.xctest */ = {isa = PBXFileReference; explicitFileType = wrapper.cfbundle; includeInIndex = 0; path = YangChatTests.xctest; sourceTree = BUILT_PRODUCTS_DIR; };
		A0CA84EE1C2034C600FBF379 /* Info.plist */ = {isa = PBXFileReference; lastKnownFileType = text.plist.xml; path = Info.plist; sourceTree = "<group>"; };
		A0CA84EF1C2034C600FBF379 /* YangChatTests.m */ = {isa = PBXFileReference; lastKnownFileType = sourcecode.c.objc; path = YangChatTests.m; sourceTree = "<group>"; };
		A0CA85031C2041EB00FBF379 /* LoginVC.h */ = {isa = PBXFileReference; fileEncoding = 4; lastKnownFileType = sourcecode.c.h; name = LoginVC.h; path = Controllers/Login/LoginVC.h; sourceTree = "<group>"; };
		A0CA85041C2041EB00FBF379 /* LoginVC.m */ = {isa = PBXFileReference; fileEncoding = 4; lastKnownFileType = sourcecode.c.objc; name = LoginVC.m; path = Controllers/Login/LoginVC.m; sourceTree = "<group>"; };
		A0CA85051C2041EB00FBF379 /* LoginVC.xib */ = {isa = PBXFileReference; fileEncoding = 4; lastKnownFileType = file.xib; name = LoginVC.xib; path = Controllers/Login/LoginVC.xib; sourceTree = "<group>"; };
		A0CA85081C20420000FBF379 /* MainVC.h */ = {isa = PBXFileReference; fileEncoding = 4; lastKnownFileType = sourcecode.c.h; name = MainVC.h; path = Controllers/Main/MainVC.h; sourceTree = "<group>"; };
		A0CA85091C20420000FBF379 /* MainVC.m */ = {isa = PBXFileReference; fileEncoding = 4; lastKnownFileType = sourcecode.c.objc; name = MainVC.m; path = Controllers/Main/MainVC.m; sourceTree = "<group>"; };
		A0CA850A1C20420000FBF379 /* MainVC.xib */ = {isa = PBXFileReference; fileEncoding = 4; lastKnownFileType = file.xib; name = MainVC.xib; path = Controllers/Main/MainVC.xib; sourceTree = "<group>"; };
		BF9AAF2557D8EDAF97067298 /* Pods-YangChat.release.xcconfig */ = {isa = PBXFileReference; includeInIndex = 1; lastKnownFileType = text.xcconfig; name = "Pods-YangChat.release.xcconfig"; path = "Pods/Target Support Files/Pods-YangChat/Pods-YangChat.release.xcconfig"; sourceTree = "<group>"; };
		E1C37B7855229D679C8A9036 /* Pods-YangChat.debug.xcconfig */ = {isa = PBXFileReference; includeInIndex = 1; lastKnownFileType = text.xcconfig; name = "Pods-YangChat.debug.xcconfig"; path = "Pods/Target Support Files/Pods-YangChat/Pods-YangChat.debug.xcconfig"; sourceTree = "<group>"; };
		E46098D1D030FAA2A1843A9E /* Pods_YangChat.framework */ = {isa = PBXFileReference; explicitFileType = wrapper.framework; includeInIndex = 0; path = Pods_YangChat.framework; sourceTree = BUILT_PRODUCTS_DIR; };
/* End PBXFileReference section */

/* Begin PBXFrameworksBuildPhase section */
		A0CA84CD1C2034C600FBF379 /* Frameworks */ = {
			isa = PBXFrameworksBuildPhase;
			buildActionMask = 2147483647;
			files = (
				AB24EFF3491FF9CC66BC4A46 /* Pods_YangChat.framework in Frameworks */,
			);
			runOnlyForDeploymentPostprocessing = 0;
		};
		A0CA84E61C2034C600FBF379 /* Frameworks */ = {
			isa = PBXFrameworksBuildPhase;
			buildActionMask = 2147483647;
			files = (
			);
			runOnlyForDeploymentPostprocessing = 0;
		};
/* End PBXFrameworksBuildPhase section */

/* Begin PBXGroup section */
		6A0216952C5B14153E8DA7D8 /* Frameworks */ = {
			isa = PBXGroup;
			children = (
				E46098D1D030FAA2A1843A9E /* Pods_YangChat.framework */,
			);
			name = Frameworks;
			sourceTree = "<group>";
		};
		A0CA84C71C2034C600FBF379 = {
			isa = PBXGroup;
			children = (
				A0CA84D21C2034C600FBF379 /* YangChat */,
				A0CA84EC1C2034C600FBF379 /* YangChatTests */,
				A0CA84D11C2034C600FBF379 /* Products */,
				BD2FF45057CBDFAE3553B245 /* Pods */,
				6A0216952C5B14153E8DA7D8 /* Frameworks */,
			);
			sourceTree = "<group>";
		};
		A0CA84D11C2034C600FBF379 /* Products */ = {
			isa = PBXGroup;
			children = (
				A0CA84D01C2034C600FBF379 /* YangChat.app */,
				A0CA84E91C2034C600FBF379 /* YangChatTests.xctest */,
			);
			name = Products;
			sourceTree = "<group>";
		};
		A0CA84D21C2034C600FBF379 /* YangChat */ = {
			isa = PBXGroup;
			children = (
				A0CA84F91C203CBC00FBF379 /* Models */,
				A0CA84FF1C203EB400FBF379 /* Controllers */,
				A0CA84FE1C203D6D00FBF379 /* Thirds */,
				A0CA84FC1C203D5000FBF379 /* General */,
				A0CA84FB1C203D4500FBF379 /* Macro */,
				A0CA84FD1C203D5C00FBF379 /* Helpers */,
				A0CA85001C2040FB00FBF379 /* Network */,
				A0CA84E01C2034C600FBF379 /* Images.xcassets */,
				A0CA84E21C2034C600FBF379 /* LaunchScreen.xib */,
				A0CA84D71C2034C600FBF379 /* AppDelegate.h */,
				A0CA84D81C2034C600FBF379 /* AppDelegate.m */,
				A0CA84D31C2034C600FBF379 /* Supporting Files */,
			);
			path = YangChat;
			sourceTree = "<group>";
		};
		A0CA84D31C2034C600FBF379 /* Supporting Files */ = {
			isa = PBXGroup;
			children = (
				A0CA84D41C2034C600FBF379 /* Info.plist */,
				A0CA84D51C2034C600FBF379 /* main.m */,
			);
			name = "Supporting Files";
			sourceTree = "<group>";
		};
		A0CA84EC1C2034C600FBF379 /* YangChatTests */ = {
			isa = PBXGroup;
			children = (
				A0CA84EF1C2034C600FBF379 /* YangChatTests.m */,
				A0CA84ED1C2034C600FBF379 /* Supporting Files */,
			);
			path = YangChatTests;
			sourceTree = "<group>";
		};
		A0CA84ED1C2034C600FBF379 /* Supporting Files */ = {
			isa = PBXGroup;
			children = (
				A0CA84EE1C2034C600FBF379 /* Info.plist */,
			);
			name = "Supporting Files";
			sourceTree = "<group>";
		};
		A0CA84F91C203CBC00FBF379 /* Models */ = {
			isa = PBXGroup;
			children = (
			);
			name = Models;
			sourceTree = "<group>";
		};
		A0CA84FB1C203D4500FBF379 /* Macro */ = {
			isa = PBXGroup;
			children = (
			);
			name = Macro;
			sourceTree = "<group>";
		};
		A0CA84FC1C203D5000FBF379 /* General */ = {
			isa = PBXGroup;
			children = (
			);
			name = General;
			sourceTree = "<group>";
		};
		A0CA84FD1C203D5C00FBF379 /* Helpers */ = {
			isa = PBXGroup;
			children = (
			);
			name = Helpers;
			sourceTree = "<group>";
		};
		A0CA84FE1C203D6D00FBF379 /* Thirds */ = {
			isa = PBXGroup;
			children = (
			);
			name = Thirds;
			sourceTree = "<group>";
		};
		A0CA84FF1C203EB400FBF379 /* Controllers */ = {
			isa = PBXGroup;
			children = (
				A0CA85021C2041A600FBF379 /* Main */,
				A0CA85011C20419F00FBF379 /* Login */,
			);
			name = Controllers;
			sourceTree = "<group>";
		};
		A0CA85001C2040FB00FBF379 /* Network */ = {
			isa = PBXGroup;
			children = (
			);
			name = Network;
			sourceTree = "<group>";
		};
		A0CA85011C20419F00FBF379 /* Login */ = {
			isa = PBXGroup;
			children = (
				A0CA85031C2041EB00FBF379 /* LoginVC.h */,
				A0CA85041C2041EB00FBF379 /* LoginVC.m */,
				A0CA85051C2041EB00FBF379 /* LoginVC.xib */,
			);
			name = Login;
			sourceTree = "<group>";
		};
		A0CA85021C2041A600FBF379 /* Main */ = {
			isa = PBXGroup;
			children = (
				A0CA85081C20420000FBF379 /* MainVC.h */,
				A0CA85091C20420000FBF379 /* MainVC.m */,
				A0CA850A1C20420000FBF379 /* MainVC.xib */,
			);
			name = Main;
			sourceTree = "<group>";
		};
		BD2FF45057CBDFAE3553B245 /* Pods */ = {
			isa = PBXGroup;
			children = (
				E1C37B7855229D679C8A9036 /* Pods-YangChat.debug.xcconfig */,
				BF9AAF2557D8EDAF97067298 /* Pods-YangChat.release.xcconfig */,
			);
			name = Pods;
			sourceTree = "<group>";
		};
/* End PBXGroup section */

/* Begin PBXNativeTarget section */
		A0CA84CF1C2034C600FBF379 /* YangChat */ = {
			isa = PBXNativeTarget;
			buildConfigurationList = A0CA84F31C2034C600FBF379 /* Build configuration list for PBXNativeTarget "YangChat" */;
			buildPhases = (
				3AB4781AFC2B952A97068580 /* Check Pods Manifest.lock */,
				A0CA84CC1C2034C600FBF379 /* Sources */,
				A0CA84CD1C2034C600FBF379 /* Frameworks */,
				A0CA84CE1C2034C600FBF379 /* Resources */,
				9ED1305ADBC821E28F62F29C /* Embed Pods Frameworks */,
				7D23EF498BC56A7723A0C38B /* Copy Pods Resources */,
			);
			buildRules = (
			);
			dependencies = (
			);
			name = YangChat;
			productName = YangChat;
			productReference = A0CA84D01C2034C600FBF379 /* YangChat.app */;
			productType = "com.apple.product-type.application";
		};
		A0CA84E81C2034C600FBF379 /* YangChatTests */ = {
			isa = PBXNativeTarget;
			buildConfigurationList = A0CA84F61C2034C600FBF379 /* Build configuration list for PBXNativeTarget "YangChatTests" */;
			buildPhases = (
				A0CA84E51C2034C600FBF379 /* Sources */,
				A0CA84E61C2034C600FBF379 /* Frameworks */,
				A0CA84E71C2034C600FBF379 /* Resources */,
			);
			buildRules = (
			);
			dependencies = (
				A0CA84EB1C2034C600FBF379 /* PBXTargetDependency */,
			);
			name = YangChatTests;
			productName = YangChatTests;
			productReference = A0CA84E91C2034C600FBF379 /* YangChatTests.xctest */;
			productType = "com.apple.product-type.bundle.unit-test";
		};
/* End PBXNativeTarget section */

/* Begin PBXProject section */
		A0CA84C81C2034C600FBF379 /* Project object */ = {
			isa = PBXProject;
			attributes = {
				LastUpgradeCheck = 0640;
				ORGANIZATIONNAME = Jolie;
				TargetAttributes = {
					A0CA84CF1C2034C600FBF379 = {
						CreatedOnToolsVersion = 6.4;
					};
					A0CA84E81C2034C600FBF379 = {
						CreatedOnToolsVersion = 6.4;
						TestTargetID = A0CA84CF1C2034C600FBF379;
					};
				};
			};
			buildConfigurationList = A0CA84CB1C2034C600FBF379 /* Build configuration list for PBXProject "YangChat" */;
			compatibilityVersion = "Xcode 3.2";
			developmentRegion = English;
			hasScannedForEncodings = 0;
			knownRegions = (
				en,
				Base,
			);
			mainGroup = A0CA84C71C2034C600FBF379;
			productRefGroup = A0CA84D11C2034C600FBF379 /* Products */;
			projectDirPath = "";
			projectRoot = "";
			targets = (
				A0CA84CF1C2034C600FBF379 /* YangChat */,
				A0CA84E81C2034C600FBF379 /* YangChatTests */,
			);
		};
/* End PBXProject section */

/* Begin PBXResourcesBuildPhase section */
		A0CA84CE1C2034C600FBF379 /* Resources */ = {
			isa = PBXResourcesBuildPhase;
			buildActionMask = 2147483647;
			files = (
				A0CA850C1C20420000FBF379 /* MainVC.xib in Resources */,
				A0CA84E41C2034C600FBF379 /* LaunchScreen.xib in Resources */,
				A0CA85071C2041EB00FBF379 /* LoginVC.xib in Resources */,
				A0CA84E11C2034C600FBF379 /* Images.xcassets in Resources */,
			);
			runOnlyForDeploymentPostprocessing = 0;
		};
		A0CA84E71C2034C600FBF379 /* Resources */ = {
			isa = PBXResourcesBuildPhase;
			buildActionMask = 2147483647;
			files = (
			);
			runOnlyForDeploymentPostprocessing = 0;
		};
/* End PBXResourcesBuildPhase section */

/* Begin PBXShellScriptBuildPhase section */
		3AB4781AFC2B952A97068580 /* Check Pods Manifest.lock */ = {
			isa = PBXShellScriptBuildPhase;
			buildActionMask = 2147483647;
			files = (
			);
			inputPaths = (
			);
			name = "Check Pods Manifest.lock";
			outputPaths = (
			);
			runOnlyForDeploymentPostprocessing = 0;
			shellPath = /bin/sh;
			shellScript = "diff \"${PODS_ROOT}/../Podfile.lock\" \"${PODS_ROOT}/Manifest.lock\" > /dev/null\nif [[ $? != 0 ]] ; then\n    cat << EOM\nerror: The sandbox is not in sync with the Podfile.lock. Run 'pod install' or update your CocoaPods installation.\nEOM\n    exit 1\nfi\n";
			showEnvVarsInLog = 0;
		};
		7D23EF498BC56A7723A0C38B /* Copy Pods Resources */ = {
			isa = PBXShellScriptBuildPhase;
			buildActionMask = 2147483647;
			files = (
			);
			inputPaths = (
			);
			name = "Copy Pods Resources";
			outputPaths = (
			);
			runOnlyForDeploymentPostprocessing = 0;
			shellPath = /bin/sh;
			shellScript = "\"${SRCROOT}/Pods/Target Support Files/Pods-YangChat/Pods-YangChat-resources.sh\"\n";
			showEnvVarsInLog = 0;
		};
		9ED1305ADBC821E28F62F29C /* Embed Pods Frameworks */ = {
			isa = PBXShellScriptBuildPhase;
			buildActionMask = 2147483647;
			files = (
			);
			inputPaths = (
			);
			name = "Embed Pods Frameworks";
			outputPaths = (
			);
			runOnlyForDeploymentPostprocessing = 0;
			shellPath = /bin/sh;
			shellScript = "\"${SRCROOT}/Pods/Target Support Files/Pods-YangChat/Pods-YangChat-frameworks.sh\"\n";
			showEnvVarsInLog = 0;
		};
/* End PBXShellScriptBuildPhase section */

/* Begin PBXSourcesBuildPhase section */
		A0CA84CC1C2034C600FBF379 /* Sources */ = {
			isa = PBXSourcesBuildPhase;
			buildActionMask = 2147483647;
			files = (
				A0CA84D91C2034C600FBF379 /* AppDelegate.m in Sources */,
				A0CA850B1C20420000FBF379 /* MainVC.m in Sources */,
				A0CA84D61C2034C600FBF379 /* main.m in Sources */,
				A0CA85061C2041EB00FBF379 /* LoginVC.m in Sources */,
			);
			runOnlyForDeploymentPostprocessing = 0;
		};
		A0CA84E51C2034C600FBF379 /* Sources */ = {
			isa = PBXSourcesBuildPhase;
			buildActionMask = 2147483647;
			files = (
				A0CA84F01C2034C600FBF379 /* YangChatTests.m in Sources */,
			);
			runOnlyForDeploymentPostprocessing = 0;
		};
/* End PBXSourcesBuildPhase section */

/* Begin PBXTargetDependency section */
		A0CA84EB1C2034C600FBF379 /* PBXTargetDependency */ = {
			isa = PBXTargetDependency;
			target = A0CA84CF1C2034C600FBF379 /* YangChat */;
			targetProxy = A0CA84EA1C2034C600FBF379 /* PBXContainerItemProxy */;
		};
/* End PBXTargetDependency section */

/* Begin PBXVariantGroup section */
		A0CA84E21C2034C600FBF379 /* LaunchScreen.xib */ = {
			isa = PBXVariantGroup;
			children = (
				A0CA84E31C2034C600FBF379 /* Base */,
			);
			name = LaunchScreen.xib;
			sourceTree = "<group>";
		};
/* End PBXVariantGroup section */

/* Begin XCBuildConfiguration section */
		A0CA84F11C2034C600FBF379 /* Debug */ = {
			isa = XCBuildConfiguration;
			buildSettings = {
				ALWAYS_SEARCH_USER_PATHS = NO;
				CLANG_CXX_LANGUAGE_STANDARD = "gnu++0x";
				CLANG_CXX_LIBRARY = "libc++";
				CLANG_ENABLE_MODULES = YES;
				CLANG_ENABLE_OBJC_ARC = YES;
				CLANG_WARN_BOOL_CONVERSION = YES;
				CLANG_WARN_CONSTANT_CONVERSION = YES;
				CLANG_WARN_DIRECT_OBJC_ISA_USAGE = YES_ERROR;
				CLANG_WARN_EMPTY_BODY = YES;
				CLANG_WARN_ENUM_CONVERSION = YES;
				CLANG_WARN_INT_CONVERSION = YES;
				CLANG_WARN_OBJC_ROOT_CLASS = YES_ERROR;
				CLANG_WARN_UNREACHABLE_CODE = YES;
				CLANG_WARN__DUPLICATE_METHOD_MATCH = YES;
				"CODE_SIGN_IDENTITY[sdk=iphoneos*]" = "iPhone Developer";
				COPY_PHASE_STRIP = NO;
				DEBUG_INFORMATION_FORMAT = "dwarf-with-dsym";
				ENABLE_STRICT_OBJC_MSGSEND = YES;
				GCC_C_LANGUAGE_STANDARD = gnu99;
				GCC_DYNAMIC_NO_PIC = NO;
				GCC_NO_COMMON_BLOCKS = YES;
				GCC_OPTIMIZATION_LEVEL = 0;
				GCC_PREPROCESSOR_DEFINITIONS = (
					"DEBUG=1",
					"$(inherited)",
				);
				GCC_SYMBOLS_PRIVATE_EXTERN = NO;
				GCC_WARN_64_TO_32_BIT_CONVERSION = YES;
				GCC_WARN_ABOUT_RETURN_TYPE = YES_ERROR;
				GCC_WARN_UNDECLARED_SELECTOR = YES;
				GCC_WARN_UNINITIALIZED_AUTOS = YES_AGGRESSIVE;
				GCC_WARN_UNUSED_FUNCTION = YES;
				GCC_WARN_UNUSED_VARIABLE = YES;
				IPHONEOS_DEPLOYMENT_TARGET = 8.4;
				MTL_ENABLE_DEBUG_INFO = YES;
				ONLY_ACTIVE_ARCH = YES;
				SDKROOT = iphoneos;
			};
			name = Debug;
		};
		A0CA84F21C2034C600FBF379 /* Release */ = {
			isa = XCBuildConfiguration;
			buildSettings = {
				ALWAYS_SEARCH_USER_PATHS = NO;
				CLANG_CXX_LANGUAGE_STANDARD = "gnu++0x";
				CLANG_CXX_LIBRARY = "libc++";
				CLANG_ENABLE_MODULES = YES;
				CLANG_ENABLE_OBJC_ARC = YES;
				CLANG_WARN_BOOL_CONVERSION = YES;
				CLANG_WARN_CONSTANT_CONVERSION = YES;
				CLANG_WARN_DIRECT_OBJC_ISA_USAGE = YES_ERROR;
				CLANG_WARN_EMPTY_BODY = YES;
				CLANG_WARN_ENUM_CONVERSION = YES;
				CLANG_WARN_INT_CONVERSION = YES;
				CLANG_WARN_OBJC_ROOT_CLASS = YES_ERROR;
				CLANG_WARN_UNREACHABLE_CODE = YES;
				CLANG_WARN__DUPLICATE_METHOD_MATCH = YES;
				"CODE_SIGN_IDENTITY[sdk=iphoneos*]" = "iPhone Developer";
				COPY_PHASE_STRIP = NO;
				DEBUG_INFORMATION_FORMAT = "dwarf-with-dsym";
				ENABLE_NS_ASSERTIONS = NO;
				ENABLE_STRICT_OBJC_MSGSEND = YES;
				GCC_C_LANGUAGE_STANDARD = gnu99;
				GCC_NO_COMMON_BLOCKS = YES;
				GCC_WARN_64_TO_32_BIT_CONVERSION = YES;
				GCC_WARN_ABOUT_RETURN_TYPE = YES_ERROR;
				GCC_WARN_UNDECLARED_SELECTOR = YES;
				GCC_WARN_UNINITIALIZED_AUTOS = YES_AGGRESSIVE;
				GCC_WARN_UNUSED_FUNCTION = YES;
				GCC_WARN_UNUSED_VARIABLE = YES;
				IPHONEOS_DEPLOYMENT_TARGET = 8.4;
				MTL_ENABLE_DEBUG_INFO = NO;
				SDKROOT = iphoneos;
				VALIDATE_PRODUCT = YES;
			};
			name = Release;
		};
		A0CA84F41C2034C600FBF379 /* Debug */ = {
			isa = XCBuildConfiguration;
			baseConfigurationReference = E1C37B7855229D679C8A9036 /* Pods-YangChat.debug.xcconfig */;
			buildSettings = {
				ASSETCATALOG_COMPILER_APPICON_NAME = AppIcon;
				CODE_SIGN_IDENTITY = "iPhone Developer";
				INFOPLIST_FILE = YangChat/Info.plist;
				LD_RUNPATH_SEARCH_PATHS = "$(inherited) @executable_path/Frameworks";
				PRODUCT_NAME = "$(TARGET_NAME)";
			};
			name = Debug;
		};
		A0CA84F51C2034C600FBF379 /* Release */ = {
			isa = XCBuildConfiguration;
			baseConfigurationReference = BF9AAF2557D8EDAF97067298 /* Pods-YangChat.release.xcconfig */;
			buildSettings = {
				ASSETCATALOG_COMPILER_APPICON_NAME = AppIcon;
				CODE_SIGN_IDENTITY = "iPhone Developer";
				INFOPLIST_FILE = YangChat/Info.plist;
				LD_RUNPATH_SEARCH_PATHS = "$(inherited) @executable_path/Frameworks";
				PRODUCT_NAME = "$(TARGET_NAME)";
			};
			name = Release;
		};
		A0CA84F71C2034C600FBF379 /* Debug */ = {
			isa = XCBuildConfiguration;
			buildSettings = {
				BUNDLE_LOADER = "$(TEST_HOST)";
				FRAMEWORK_SEARCH_PATHS = (
					"$(SDKROOT)/Developer/Library/Frameworks",
					"$(inherited)",
				);
				GCC_PREPROCESSOR_DEFINITIONS = (
					"DEBUG=1",
					"$(inherited)",
				);
				INFOPLIST_FILE = YangChatTests/Info.plist;
				LD_RUNPATH_SEARCH_PATHS = "$(inherited) @executable_path/Frameworks @loader_path/Frameworks";
				PRODUCT_NAME = "$(TARGET_NAME)";
				TEST_HOST = "$(BUILT_PRODUCTS_DIR)/YangChat.app/YangChat";
			};
			name = Debug;
		};
		A0CA84F81C2034C600FBF379 /* Release */ = {
			isa = XCBuildConfiguration;
			buildSettings = {
				BUNDLE_LOADER = "$(TEST_HOST)";
				FRAMEWORK_SEARCH_PATHS = (
					"$(SDKROOT)/Developer/Library/Frameworks",
					"$(inherited)",
				);
				INFOPLIST_FILE = YangChatTests/Info.plist;
				LD_RUNPATH_SEARCH_PATHS = "$(inherited) @executable_path/Frameworks @loader_path/Frameworks";
				PRODUCT_NAME = "$(TARGET_NAME)";
				TEST_HOST = "$(BUILT_PRODUCTS_DIR)/YangChat.app/YangChat";
			};
			name = Release;
		};
/* End XCBuildConfiguration section */

/* Begin XCConfigurationList section */
		A0CA84CB1C2034C600FBF379 /* Build configuration list for PBXProject "YangChat" */ = {
			isa = XCConfigurationList;
			buildConfigurations = (
				A0CA84F11C2034C600FBF379 /* Debug */,
				A0CA84F21C2034C600FBF379 /* Release */,
			);
			defaultConfigurationIsVisible = 0;
			defaultConfigurationName = Release;
		};
		A0CA84F31C2034C600FBF379 /* Build configuration list for PBXNativeTarget "YangChat" */ = {
			isa = XCConfigurationList;
			buildConfigurations = (
				A0CA84F41C2034C600FBF379 /* Debug */,
				A0CA84F51C2034C600FBF379 /* Release */,
			);
			defaultConfigurationIsVisible = 0;
			defaultConfigurationName = Release;
		};
		A0CA84F61C2034C600FBF379 /* Build configuration list for PBXNativeTarget "YangChatTests" */ = {
			isa = XCConfigurationList;
			buildConfigurations = (
				A0CA84F71C2034C600FBF379 /* Debug */,
				A0CA84F81C2034C600FBF379 /* Release */,
			);
			defaultConfigurationIsVisible = 0;
			defaultConfigurationName = Release;
		};
/* End XCConfigurationList section */
	};
	rootObject = A0CA84C81C2034C600FBF379 /* Project object */;
}
